
Microsoft Visual Studio Solution File, Format Version 12.00
# Visual Studio Version 16
VisualStudioVersion = 16.0.33130.400
MinimumVisualStudioVersion = 10.0.40219.1
Project("{FAE04EC0-301F-11D3-BF4B-00C04F79EFBC}") = "SCPSwap", "SCPSwap.csproj", "{2CEACC16-8799-4421-BD77-759637C345BB}"
EndProject
Global
	GlobalSection(SolutionConfigurationPlatforms) = preSolution
		Debug|Any CPU = Debug|Any CPU
		Release|Any CPU = Release|Any CPU
	EndGlobalSection
	GlobalSection(ProjectConfigurationPlatforms) = postSolution
		{2CEACC16-8799-4421-BD77-759637C345BB}.Debug|Any CPU.ActiveCfg = Debug|Any CPU
		{2CEACC16-8799-4421-BD77-759637C345BB}.Debug|Any CPU.Build.0 = Debug|Any CPU
		{2CEACC16-8799-4421-BD77-759637C345BB}.Release|Any CPU.ActiveCfg = Release|Any CPU
		{2CEACC16-8799-4421-BD77-759637C345BB}.Release|Any CPU.Build.0 = Release|Any CPU
	EndGlobalSection
	GlobalSection(SolutionProperties) = preSolution
		HideSolutionNode = FALSE
	EndGlobalSection
	GlobalSection(ExtensibilityGlobals) = postSolution
		SolutionGuid = {42BEB136-556E-46DE-962C-375EFC5ED2C2}
	EndGlobalSection
EndGlobal
